# THIS IS AN AUTOGENERATED FILE. DO NOT EDIT THIS FILE DIRECTLY.
# yarn lockfile v1


solclientjs@^10.12.0:
  version "10.12.0"
  resolved "https://registry.yarnpkg.com/solclientjs/-/solclientjs-10.12.0.tgz#e6c34bf6d584bfb0580c649ef84e60ca5651aed3"
  integrity sha512-e3OYCHIZMQ/VGrI+dX1PJf50momZO9J8vKD4glUK0D23HNAUjxydzMjdf/zP0aGkJFzv+U5JZssLJ6VWRf8ENg==
